<Solution>
  <Project Path="Virtual Env.pyproj" Type="888888a0-9f3d-457c-b088-3a5042f75d52" Id="8d9a49a9-c324-491d-9662-ae6a9e990e40">
    <Build Project="false" />
  </Project>
  <Project Path="Virtual_Env.pyproj" Type="888888a0-9f3d-457c-b088-3a5042f75d52" Id="e6075fca-7dff-4243-8bb6-5b429c0be664">
    <Build Project="false" />
  </Project>
</Solution>
